
Microsoft Visual Studio Solution File, Format Version 12.00
# Visual Studio Version 17
VisualStudioVersion = 17.7.34221.43
MinimumVisualStudioVersion = 10.0.40219.1
Project("{FAE04EC0-301F-11D3-BF4B-00C04F79EFBC}") = "Employees.Api", "Employees.Api\Employees.Api.csproj", "{942FBE08-D74E-419C-AAB4-533EDBA86C6D}"
EndProject
Project("{FAE04EC0-301F-11D3-BF4B-00C04F79EFBC}") = "Employees.Core", "Employees.Core\Employees.Core.csproj", "{79F6F770-A7DA-4612-870F-858DBE95CD94}"
EndProject
Project("{FAE04EC0-301F-11D3-BF4B-00C04F79EFBC}") = "Employees.Data", "Employees.Data\Employees.Data.csproj", "{40041961-175B-445D-8A01-3197D06C4691}"
EndProject
Project("{FAE04EC0-301F-11D3-BF4B-00C04F79EFBC}") = "Employees.Service", "Employees.Service\Employees.Service.csproj", "{6C4B269C-39F2-4BC9-AE89-CE816C3A1E15}"
EndProject
Global
	GlobalSection(SolutionConfigurationPlatforms) = preSolution
		Debug|Any CPU = Debug|Any CPU
		Release|Any CPU = Release|Any CPU
	EndGlobalSection
	GlobalSection(ProjectConfigurationPlatforms) = postSolution
		{942FBE08-D74E-419C-AAB4-533EDBA86C6D}.Debug|Any CPU.ActiveCfg = Debug|Any CPU
		{942FBE08-D74E-419C-AAB4-533EDBA86C6D}.Debug|Any CPU.Build.0 = Debug|Any CPU
		{942FBE08-D74E-419C-AAB4-533EDBA86C6D}.Release|Any CPU.ActiveCfg = Release|Any CPU
		{942FBE08-D74E-419C-AAB4-533EDBA86C6D}.Release|Any CPU.Build.0 = Release|Any CPU
		{79F6F770-A7DA-4612-870F-858DBE95CD94}.Debug|Any CPU.ActiveCfg = Debug|Any CPU
		{79F6F770-A7DA-4612-870F-858DBE95CD94}.Debug|Any CPU.Build.0 = Debug|Any CPU
		{79F6F770-A7DA-4612-870F-858DBE95CD94}.Release|Any CPU.ActiveCfg = Release|Any CPU
		{79F6F770-A7DA-4612-870F-858DBE95CD94}.Release|Any CPU.Build.0 = Release|Any CPU
		{40041961-175B-445D-8A01-3197D06C4691}.Debug|Any CPU.ActiveCfg = Debug|Any CPU
		{40041961-175B-445D-8A01-3197D06C4691}.Debug|Any CPU.Build.0 = Debug|Any CPU
		{40041961-175B-445D-8A01-3197D06C4691}.Release|Any CPU.ActiveCfg = Release|Any CPU
		{40041961-175B-445D-8A01-3197D06C4691}.Release|Any CPU.Build.0 = Release|Any CPU
		{6C4B269C-39F2-4BC9-AE89-CE816C3A1E15}.Debug|Any CPU.ActiveCfg = Debug|Any CPU
		{6C4B269C-39F2-4BC9-AE89-CE816C3A1E15}.Debug|Any CPU.Build.0 = Debug|Any CPU
		{6C4B269C-39F2-4BC9-AE89-CE816C3A1E15}.Release|Any CPU.ActiveCfg = Release|Any CPU
		{6C4B269C-39F2-4BC9-AE89-CE816C3A1E15}.Release|Any CPU.Build.0 = Release|Any CPU
	EndGlobalSection
	GlobalSection(SolutionProperties) = preSolution
		HideSolutionNode = FALSE
	EndGlobalSection
	GlobalSection(ExtensibilityGlobals) = postSolution
		SolutionGuid = {131F3CE4-D89F-4030-BB02-DCD7F4E81597}
	EndGlobalSection
EndGlobal
